Microsoft Visual Studio Solution File, Format Version 12.00
# Visual Studio Version 17
VisualStudioVersion = 17.5.2.0
MinimumVisualStudioVersion = 10.0.40219.1
Project("{FAE04EC0-301F-11D3-BF4B-00C04F79EFBC}") = "rep_pattern_demo", "rep_pattern_demoFolder\rep_pattern_demo.csproj", "{BDF0FAE5-D4FE-5B02-B851-B5558A3B4455}"
EndProject
Global
	GlobalSection(SolutionConfigurationPlatforms) = preSolution
		Debug|Any CPU = Debug|Any CPU
		Release|Any CPU = Release|Any CPU
	EndGlobalSection
	GlobalSection(ProjectConfigurationPlatforms) = postSolution
		{BDF0FAE5-D4FE-5B02-B851-B5558A3B4455}.Debug|Any CPU.ActiveCfg = Debug|Any CPU
		{BDF0FAE5-D4FE-5B02-B851-B5558A3B4455}.Debug|Any CPU.Build.0 = Debug|Any CPU
		{BDF0FAE5-D4FE-5B02-B851-B5558A3B4455}.Release|Any CPU.ActiveCfg = Release|Any CPU
		{BDF0FAE5-D4FE-5B02-B851-B5558A3B4455}.Release|Any CPU.Build.0 = Release|Any CPU
	EndGlobalSection
	GlobalSection(SolutionProperties) = preSolution
		HideSolutionNode = FALSE
	EndGlobalSection
	GlobalSection(ExtensibilityGlobals) = postSolution
		SolutionGuid = {49850E14-DEFF-4D15-989A-061E36353401}
	EndGlobalSection
EndGlobal
