Microsoft Visual Studio Solution File, Format Version 12.00
# Visual Studio Version 17
VisualStudioVersion = 17.5.2.0
MinimumVisualStudioVersion = 10.0.40219.1
Project("{2150E333-8FDC-42A3-9474-1A3956D46DE8}") = "REP_PATTERN_EFCORE", "REP_PATTERN_EFCORE", "{788B8430-42D1-4D40-84B1-F59073C1166D}"
EndProject
Project("{FAE04EC0-301F-11D3-BF4B-00C04F79EFBC}") = "rep_pattern_demo", "REP_PATTERN_EFCORE\rep_pattern_demoFolder\rep_pattern_demo.csproj", "{47A23BBA-DF67-B855-FBB0-667ACA48D02E}"
EndProject
Global
	GlobalSection(SolutionConfigurationPlatforms) = preSolution
		Debug|Any CPU = Debug|Any CPU
		Release|Any CPU = Release|Any CPU
	EndGlobalSection
	GlobalSection(ProjectConfigurationPlatforms) = postSolution
		{47A23BBA-DF67-B855-FBB0-667ACA48D02E}.Debug|Any CPU.ActiveCfg = Debug|Any CPU
		{47A23BBA-DF67-B855-FBB0-667ACA48D02E}.Debug|Any CPU.Build.0 = Debug|Any CPU
		{47A23BBA-DF67-B855-FBB0-667ACA48D02E}.Release|Any CPU.ActiveCfg = Release|Any CPU
		{47A23BBA-DF67-B855-FBB0-667ACA48D02E}.Release|Any CPU.Build.0 = Release|Any CPU
	EndGlobalSection
	GlobalSection(SolutionProperties) = preSolution
		HideSolutionNode = FALSE
	EndGlobalSection
	GlobalSection(NestedProjects) = preSolution
		{47A23BBA-DF67-B855-FBB0-667ACA48D02E} = {788B8430-42D1-4D40-84B1-F59073C1166D}
	EndGlobalSection
	GlobalSection(ExtensibilityGlobals) = postSolution
		SolutionGuid = {0D79868D-B90C-43B1-9D03-270B64895C97}
	EndGlobalSection
EndGlobal
